// !$*UTF8*$!
{
	archiveVersion = 1;
	classes = {
	};
	objectVersion = 51;
	objects = {

/* Begin PBXBuildFile section */
		2986A9CA1D3746A5C61D859F /* Pods_SpaceQuest.framework in Frameworks */ = {isa = PBXBuildFile; fileRef = 606595FA560EA01E18AD5594 /* Pods_SpaceQuest.framework */; };
		B510A18525D45A2000D905D5 /* LocationInfoController.swift in Sources */ = {isa = PBXBuildFile; fileRef = B510A18425D45A2000D905D5 /* LocationInfoController.swift */; };
		B510A18925D5CA7800D905D5 /* ProfileController.swift in Sources */ = {isa = PBXBuildFile; fileRef = B510A18825D5CA7800D905D5 /* ProfileController.swift */; };
		B510A18C25D90CFD00D905D5 /* OurHeroesTableViewCell.swift in Sources */ = {isa = PBXBuildFile; fileRef = B510A18B25D90CFC00D905D5 /* OurHeroesTableViewCell.swift */; };
		B510A18F25D90D7500D905D5 /* OurHeroesController.swift in Sources */ = {isa = PBXBuildFile; fileRef = B510A18E25D90D7500D905D5 /* OurHeroesController.swift */; };
		B514B014257BF08600F587B6 /* AnswerButtonCollectionViewCell.swift in Sources */ = {isa = PBXBuildFile; fileRef = B514B013257BF08600F587B6 /* AnswerButtonCollectionViewCell.swift */; };
		B5153984257D279600907AD5 /* UILabelExtension.swift in Sources */ = {isa = PBXBuildFile; fileRef = B5153983257D279500907AD5 /* UILabelExtension.swift */; };
		B5153987257D292400907AD5 /* WebVideoView.swift in Sources */ = {isa = PBXBuildFile; fileRef = B5153986257D292400907AD5 /* WebVideoView.swift */; };
		B51C2D9B2598E83D00107378 /* CustomIntensityVisualEffectView.swift in Sources */ = {isa = PBXBuildFile; fileRef = B51C2D9A2598E83D00107378 /* CustomIntensityVisualEffectView.swift */; };
		B51C2D9E2599053900107378 /* LocationCompleteController.swift in Sources */ = {isa = PBXBuildFile; fileRef = B51C2D9D2599053900107378 /* LocationCompleteController.swift */; };
		B51F50FA256302D300A9AA53 /* RouteTableViewCell.swift in Sources */ = {isa = PBXBuildFile; fileRef = B51F50F9256302D300A9AA53 /* RouteTableViewCell.swift */; };
		B51F50FD2563030100A9AA53 /* ReusableView.swift in Sources */ = {isa = PBXBuildFile; fileRef = B51F50FC2563030100A9AA53 /* ReusableView.swift */; };
		B51F51012563040D00A9AA53 /* DifficultyView.swift in Sources */ = {isa = PBXBuildFile; fileRef = B51F51002563040D00A9AA53 /* DifficultyView.swift */; };
		B51F5104256305A700A9AA53 /* Question.swift in Sources */ = {isa = PBXBuildFile; fileRef = B51F5103256305A700A9AA53 /* Question.swift */; };
		B51F5107256305B800A9AA53 /* Route.swift in Sources */ = {isa = PBXBuildFile; fileRef = B51F5106256305B800A9AA53 /* Route.swift */; };
		B51F510A2567C09900A9AA53 /* DataModel.swift in Sources */ = {isa = PBXBuildFile; fileRef = B51F51092567C09800A9AA53 /* DataModel.swift */; };
		B5373E6425BCA0A400F91820 /* MapPlacemarkView.swift in Sources */ = {isa = PBXBuildFile; fileRef = B5373E6325BCA0A400F91820 /* MapPlacemarkView.swift */; };
		B5373E6D25D1BC8300F91820 /* MapCalloutView.xib in Resources */ = {isa = PBXBuildFile; fileRef = B5373E6C25D1BC8200F91820 /* MapCalloutView.xib */; };
		B5373E7025D1C4CB00F91820 /* MapCalloutView.swift in Sources */ = {isa = PBXBuildFile; fileRef = B5373E6F25D1C4CB00F91820 /* MapCalloutView.swift */; };
		B5373E7325D1C64100F91820 /* UIViewExtension.swift in Sources */ = {isa = PBXBuildFile; fileRef = B5373E7225D1C64100F91820 /* UIViewExtension.swift */; };
		B5373E7625D1C73300F91820 /* Location.swift in Sources */ = {isa = PBXBuildFile; fileRef = B5373E7525D1C73300F91820 /* Location.swift */; };
		B53B8AEE25D975A100D284A9 /* AboutAppController.swift in Sources */ = {isa = PBXBuildFile; fileRef = B53B8AED25D975A000D284A9 /* AboutAppController.swift */; };
		B53B8AF825DC00B800D284A9 /* LoginController.swift in Sources */ = {isa = PBXBuildFile; fileRef = B53B8AF725DC00B800D284A9 /* LoginController.swift */; };
		B53B8AFC25DC08DC00D284A9 /* UITextFieldExtension.swift in Sources */ = {isa = PBXBuildFile; fileRef = B53B8AFB25DC08DC00D284A9 /* UITextFieldExtension.swift */; };
		B53B8B0125DEB14300D284A9 /* UIDeviceExtension.swift in Sources */ = {isa = PBXBuildFile; fileRef = B53B8B0025DEB14300D284A9 /* UIDeviceExtension.swift */; };
		B549E2092573D30E00260121 /* QuestionViewController.swift in Sources */ = {isa = PBXBuildFile; fileRef = B549E2082573D30E00260121 /* QuestionViewController.swift */; };
		B54F863D25FFF97700AA156D /* LaunchViewController.swift in Sources */ = {isa = PBXBuildFile; fileRef = B54F863C25FFF97700AA156D /* LaunchViewController.swift */; };
		B5704A0925FE426D006C57A2 /* YMKPointExtension.swift in Sources */ = {isa = PBXBuildFile; fileRef = B5704A0825FE426D006C57A2 /* YMKPointExtension.swift */; };
		B575826D25F4907A007A9C8D /* UIAlertControllerExtension.swift in Sources */ = {isa = PBXBuildFile; fileRef = B575826C25F4907A007A9C8D /* UIAlertControllerExtension.swift */; };
		B575827325F69773007A9C8D /* MapView.swift in Sources */ = {isa = PBXBuildFile; fileRef = B575827225F69773007A9C8D /* MapView.swift */; };
		B575827725F6BA2B007A9C8D /* PlacemarkData.swift in Sources */ = {isa = PBXBuildFile; fileRef = B575827625F6BA2B007A9C8D /* PlacemarkData.swift */; };
		B57B3CD32593BCC000270D8E /* AnswerFieldView.swift in Sources */ = {isa = PBXBuildFile; fileRef = B57B3CD22593BCC000270D8E /* AnswerFieldView.swift */; };
		B57B3CD62593BCCC00270D8E /* AnswerButtonsView.swift in Sources */ = {isa = PBXBuildFile; fileRef = B57B3CD52593BCCC00270D8E /* AnswerButtonsView.swift */; };
		B57B3CDF259515CA00270D8E /* UserAnswer.swift in Sources */ = {isa = PBXBuildFile; fileRef = B57B3CDE259515CA00270D8E /* UserAnswer.swift */; };
		B5A91A7525A39198000C0C99 /* RouteCompleteController.swift in Sources */ = {isa = PBXBuildFile; fileRef = B5A91A7425A39198000C0C99 /* RouteCompleteController.swift */; };
		B5A91A7825A71382000C0C99 /* VideoAnswerController.swift in Sources */ = {isa = PBXBuildFile; fileRef = B5A91A7725A71382000C0C99 /* VideoAnswerController.swift */; };
		B5A91A7B25A7254E000C0C99 /* QuestionControlsView.swift in Sources */ = {isa = PBXBuildFile; fileRef = B5A91A7A25A7254E000C0C99 /* QuestionControlsView.swift */; };
		B5A91A8425AC45D8000C0C99 /* LocationFailedController.swift in Sources */ = {isa = PBXBuildFile; fileRef = B5A91A8325AC45D7000C0C99 /* LocationFailedController.swift */; };
		B5A91A8825AC4A88000C0C99 /* LocationFinishedController.swift in Sources */ = {isa = PBXBuildFile; fileRef = B5A91A8725AC4A88000C0C99 /* LocationFinishedController.swift */; };
		B5AD43B22568469400110AE8 /* UIImageViewExtension.swift in Sources */ = {isa = PBXBuildFile; fileRef = B5AD43B12568469400110AE8 /* UIImageViewExtension.swift */; };
		B5ADEDB4258E0B3E007703C3 /* Author.swift in Sources */ = {isa = PBXBuildFile; fileRef = B5ADEDB3258E0B3E007703C3 /* Author.swift */; };
		B5BDDC3A256828A60043737B /* QuestionCollectionViewCell.swift in Sources */ = {isa = PBXBuildFile; fileRef = B5BDDC39256828A60043737B /* QuestionCollectionViewCell.swift */; };
		B5BDDC3E256829DB0043737B /* QuestionListViewController.swift in Sources */ = {isa = PBXBuildFile; fileRef = B5BDDC3D256829DB0043737B /* QuestionListViewController.swift */; };
		B5BDDC4125682A0F0043737B /* TopGradientView.swift in Sources */ = {isa = PBXBuildFile; fileRef = B5BDDC4025682A0F0043737B /* TopGradientView.swift */; };
		B5BF7AA5257BCF7D009AA0A3 /* UIColorExtension.swift in Sources */ = {isa = PBXBuildFile; fileRef = B5BF7AA4257BCF7D009AA0A3 /* UIColorExtension.swift */; };
		B5BF7AAB257BD2A5009AA0A3 /* CALayerExtension.swift in Sources */ = {isa = PBXBuildFile; fileRef = B5BF7AAA257BD2A5009AA0A3 /* CALayerExtension.swift */; };
		B5E96EC625ACB7D300DA030F /* MapController.swift in Sources */ = {isa = PBXBuildFile; fileRef = B5E96EC525ACB7D300DA030F /* MapController.swift */; };
		B5EFD48F2562B95A00B0C5E7 /* AppDelegate.swift in Sources */ = {isa = PBXBuildFile; fileRef = B5EFD48E2562B95A00B0C5E7 /* AppDelegate.swift */; };
		B5EFD4932562B95A00B0C5E7 /* RouteListViewController.swift in Sources */ = {isa = PBXBuildFile; fileRef = B5EFD4922562B95A00B0C5E7 /* RouteListViewController.swift */; };
		B5EFD4962562B95A00B0C5E7 /* Main.storyboard in Resources */ = {isa = PBXBuildFile; fileRef = B5EFD4942562B95A00B0C5E7 /* Main.storyboard */; };
		B5EFD4992562B95A00B0C5E7 /* SpaceQuest.xcdatamodeld in Sources */ = {isa = PBXBuildFile; fileRef = B5EFD4972562B95A00B0C5E7 /* SpaceQuest.xcdatamodeld */; };
		B5EFD49B2562B97900B0C5E7 /* Assets.xcassets in Resources */ = {isa = PBXBuildFile; fileRef = B5EFD49A2562B97900B0C5E7 /* Assets.xcassets */; };
		B5EFD49E2562B97900B0C5E7 /* LaunchScreen.storyboard in Resources */ = {isa = PBXBuildFile; fileRef = B5EFD49C2562B97900B0C5E7 /* LaunchScreen.storyboard */; };
		B5F95352258884B100E4344E /* AnswerCollectionViewCell.swift in Sources */ = {isa = PBXBuildFile; fileRef = B5F95351258884B100E4344E /* AnswerCollectionViewCell.swift */; };
		B5F953552588853200E4344E /* AnswerStubCollectionViewCell.swift in Sources */ = {isa = PBXBuildFile; fileRef = B5F953542588853100E4344E /* AnswerStubCollectionViewCell.swift */; };
		B5F95358258887E700E4344E /* StringExtension.swift in Sources */ = {isa = PBXBuildFile; fileRef = B5F95357258887E600E4344E /* StringExtension.swift */; };
/* End PBXBuildFile section */

/* Begin PBXFileReference section */
		1287940696F57534413CA409 /* Pods-SpaceQuest.debug.xcconfig */ = {isa = PBXFileReference; includeInIndex = 1; lastKnownFileType = text.xcconfig; name = "Pods-SpaceQuest.debug.xcconfig"; path = "Target Support Files/Pods-SpaceQuest/Pods-SpaceQuest.debug.xcconfig"; sourceTree = "<group>"; };
		4FADCF94CCA1726A9DD5D3DF /* Pods-SpaceQuest.release.xcconfig */ = {isa = PBXFileReference; includeInIndex = 1; lastKnownFileType = text.xcconfig; name = "Pods-SpaceQuest.release.xcconfig"; path = "Target Support Files/Pods-SpaceQuest/Pods-SpaceQuest.release.xcconfig"; sourceTree = "<group>"; };
		606595FA560EA01E18AD5594 /* Pods_SpaceQuest.framework */ = {isa = PBXFileReference; explicitFileType = wrapper.framework; includeInIndex = 0; path = Pods_SpaceQuest.framework; sourceTree = BUILT_PRODUCTS_DIR; };
		B510A18425D45A2000D905D5 /* LocationInfoController.swift */ = {isa = PBXFileReference; lastKnownFileType = sourcecode.swift; path = LocationInfoController.swift; sourceTree = "<group>"; };
		B510A18825D5CA7800D905D5 /* ProfileController.swift */ = {isa = PBXFileReference; lastKnownFileType = sourcecode.swift; path = ProfileController.swift; sourceTree = "<group>"; };
		B510A18B25D90CFC00D905D5 /* OurHeroesTableViewCell.swift */ = {isa = PBXFileReference; lastKnownFileType = sourcecode.swift; path = OurHeroesTableViewCell.swift; sourceTree = "<group>"; };
		B510A18E25D90D7500D905D5 /* OurHeroesController.swift */ = {isa = PBXFileReference; lastKnownFileType = sourcecode.swift; path = OurHeroesController.swift; sourceTree = "<group>"; };
		B514B013257BF08600F587B6 /* AnswerButtonCollectionViewCell.swift */ = {isa = PBXFileReference; lastKnownFileType = sourcecode.swift; path = AnswerButtonCollectionViewCell.swift; sourceTree = "<group>"; };
		B5153983257D279500907AD5 /* UILabelExtension.swift */ = {isa = PBXFileReference; lastKnownFileType = sourcecode.swift; path = UILabelExtension.swift; sourceTree = "<group>"; };
		B5153986257D292400907AD5 /* WebVideoView.swift */ = {isa = PBXFileReference; lastKnownFileType = sourcecode.swift; path = WebVideoView.swift; sourceTree = "<group>"; };
		B51C2D9A2598E83D00107378 /* CustomIntensityVisualEffectView.swift */ = {isa = PBXFileReference; lastKnownFileType = sourcecode.swift; path = CustomIntensityVisualEffectView.swift; sourceTree = "<group>"; };
		B51C2D9D2599053900107378 /* LocationCompleteController.swift */ = {isa = PBXFileReference; lastKnownFileType = sourcecode.swift; path = LocationCompleteController.swift; sourceTree = "<group>"; };
		B51F50F9256302D300A9AA53 /* RouteTableViewCell.swift */ = {isa = PBXFileReference; lastKnownFileType = sourcecode.swift; path = RouteTableViewCell.swift; sourceTree = "<group>"; };
		B51F50FC2563030100A9AA53 /* ReusableView.swift */ = {isa = PBXFileReference; fileEncoding = 4; lastKnownFileType = sourcecode.swift; path = ReusableView.swift; sourceTree = "<group>"; };
		B51F51002563040D00A9AA53 /* DifficultyView.swift */ = {isa = PBXFileReference; lastKnownFileType = sourcecode.swift; path = DifficultyView.swift; sourceTree = "<group>"; };
		B51F5103256305A700A9AA53 /* Question.swift */ = {isa = PBXFileReference; lastKnownFileType = sourcecode.swift; path = Question.swift; sourceTree = "<group>"; };
		B51F5106256305B800A9AA53 /* Route.swift */ = {isa = PBXFileReference; lastKnownFileType = sourcecode.swift; path = Route.swift; sourceTree = "<group>"; };
		B51F51092567C09800A9AA53 /* DataModel.swift */ = {isa = PBXFileReference; lastKnownFileType = sourcecode.swift; path = DataModel.swift; sourceTree = "<group>"; };
		B5373E6325BCA0A400F91820 /* MapPlacemarkView.swift */ = {isa = PBXFileReference; lastKnownFileType = sourcecode.swift; path = MapPlacemarkView.swift; sourceTree = "<group>"; };
		B5373E6C25D1BC8200F91820 /* MapCalloutView.xib */ = {isa = PBXFileReference; lastKnownFileType = file.xib; path = MapCalloutView.xib; sourceTree = "<group>"; };
		B5373E6F25D1C4CB00F91820 /* MapCalloutView.swift */ = {isa = PBXFileReference; lastKnownFileType = sourcecode.swift; path = MapCalloutView.swift; sourceTree = "<group>"; };
		B5373E7225D1C64100F91820 /* UIViewExtension.swift */ = {isa = PBXFileReference; lastKnownFileType = sourcecode.swift; path = UIViewExtension.swift; sourceTree = "<group>"; };
		B5373E7525D1C73300F91820 /* Location.swift */ = {isa = PBXFileReference; lastKnownFileType = sourcecode.swift; path = Location.swift; sourceTree = "<group>"; };
		B53B8AED25D975A000D284A9 /* AboutAppController.swift */ = {isa = PBXFileReference; lastKnownFileType = sourcecode.swift; path = AboutAppController.swift; sourceTree = "<group>"; };
		B53B8AF725DC00B800D284A9 /* LoginController.swift */ = {isa = PBXFileReference; lastKnownFileType = sourcecode.swift; path = LoginController.swift; sourceTree = "<group>"; };
		B53B8AFB25DC08DC00D284A9 /* UITextFieldExtension.swift */ = {isa = PBXFileReference; lastKnownFileType = sourcecode.swift; path = UITextFieldExtension.swift; sourceTree = "<group>"; };
		B53B8B0025DEB14300D284A9 /* UIDeviceExtension.swift */ = {isa = PBXFileReference; lastKnownFileType = sourcecode.swift; path = UIDeviceExtension.swift; sourceTree = "<group>"; };
		B549E2082573D30E00260121 /* QuestionViewController.swift */ = {isa = PBXFileReference; lastKnownFileType = sourcecode.swift; path = QuestionViewController.swift; sourceTree = "<group>"; };
		B54F863C25FFF97700AA156D /* LaunchViewController.swift */ = {isa = PBXFileReference; lastKnownFileType = sourcecode.swift; path = LaunchViewController.swift; sourceTree = "<group>"; };
		B5704A0825FE426D006C57A2 /* YMKPointExtension.swift */ = {isa = PBXFileReference; lastKnownFileType = sourcecode.swift; path = YMKPointExtension.swift; sourceTree = "<group>"; };
		B575826C25F4907A007A9C8D /* UIAlertControllerExtension.swift */ = {isa = PBXFileReference; lastKnownFileType = sourcecode.swift; path = UIAlertControllerExtension.swift; sourceTree = "<group>"; };
		B575827225F69773007A9C8D /* MapView.swift */ = {isa = PBXFileReference; lastKnownFileType = sourcecode.swift; path = MapView.swift; sourceTree = "<group>"; };
		B575827625F6BA2B007A9C8D /* PlacemarkData.swift */ = {isa = PBXFileReference; lastKnownFileType = sourcecode.swift; path = PlacemarkData.swift; sourceTree = "<group>"; };
		B57B3CD22593BCC000270D8E /* AnswerFieldView.swift */ = {isa = PBXFileReference; lastKnownFileType = sourcecode.swift; path = AnswerFieldView.swift; sourceTree = "<group>"; };
		B57B3CD52593BCCC00270D8E /* AnswerButtonsView.swift */ = {isa = PBXFileReference; lastKnownFileType = sourcecode.swift; path = AnswerButtonsView.swift; sourceTree = "<group>"; };
		B57B3CDE259515CA00270D8E /* UserAnswer.swift */ = {isa = PBXFileReference; lastKnownFileType = sourcecode.swift; path = UserAnswer.swift; sourceTree = "<group>"; };
		B5A91A7425A39198000C0C99 /* RouteCompleteController.swift */ = {isa = PBXFileReference; lastKnownFileType = sourcecode.swift; path = RouteCompleteController.swift; sourceTree = "<group>"; };
		B5A91A7725A71382000C0C99 /* VideoAnswerController.swift */ = {isa = PBXFileReference; lastKnownFileType = sourcecode.swift; path = VideoAnswerController.swift; sourceTree = "<group>"; };
		B5A91A7A25A7254E000C0C99 /* QuestionControlsView.swift */ = {isa = PBXFileReference; lastKnownFileType = sourcecode.swift; path = QuestionControlsView.swift; sourceTree = "<group>"; };
		B5A91A8325AC45D7000C0C99 /* LocationFailedController.swift */ = {isa = PBXFileReference; lastKnownFileType = sourcecode.swift; path = LocationFailedController.swift; sourceTree = "<group>"; };
		B5A91A8725AC4A88000C0C99 /* LocationFinishedController.swift */ = {isa = PBXFileReference; lastKnownFileType = sourcecode.swift; path = LocationFinishedController.swift; sourceTree = "<group>"; };
		B5AD43B12568469400110AE8 /* UIImageViewExtension.swift */ = {isa = PBXFileReference; lastKnownFileType = sourcecode.swift; path = UIImageViewExtension.swift; sourceTree = "<group>"; };
		B5ADEDB3258E0B3E007703C3 /* Author.swift */ = {isa = PBXFileReference; lastKnownFileType = sourcecode.swift; path = Author.swift; sourceTree = "<group>"; };
		B5BDDC39256828A60043737B /* QuestionCollectionViewCell.swift */ = {isa = PBXFileReference; lastKnownFileType = sourcecode.swift; path = QuestionCollectionViewCell.swift; sourceTree = "<group>"; };
		B5BDDC3D256829DB0043737B /* QuestionListViewController.swift */ = {isa = PBXFileReference; lastKnownFileType = sourcecode.swift; path = QuestionListViewController.swift; sourceTree = "<group>"; };
		B5BDDC4025682A0F0043737B /* TopGradientView.swift */ = {isa = PBXFileReference; lastKnownFileType = sourcecode.swift; path = TopGradientView.swift; sourceTree = "<group>"; };
		B5BF7AA4257BCF7D009AA0A3 /* UIColorExtension.swift */ = {isa = PBXFileReference; lastKnownFileType = sourcecode.swift; path = UIColorExtension.swift; sourceTree = "<group>"; };
		B5BF7AAA257BD2A5009AA0A3 /* CALayerExtension.swift */ = {isa = PBXFileReference; lastKnownFileType = sourcecode.swift; path = CALayerExtension.swift; sourceTree = "<group>"; };
		B5E96EC525ACB7D300DA030F /* MapController.swift */ = {isa = PBXFileReference; lastKnownFileType = sourcecode.swift; path = MapController.swift; sourceTree = "<group>"; };
		B5EFD48B2562B95A00B0C5E7 /* SpaceQuest.app */ = {isa = PBXFileReference; explicitFileType = wrapper.application; includeInIndex = 0; path = SpaceQuest.app; sourceTree = BUILT_PRODUCTS_DIR; };
		B5EFD48E2562B95A00B0C5E7 /* AppDelegate.swift */ = {isa = PBXFileReference; lastKnownFileType = sourcecode.swift; path = AppDelegate.swift; sourceTree = "<group>"; };
		B5EFD4922562B95A00B0C5E7 /* RouteListViewController.swift */ = {isa = PBXFileReference; lastKnownFileType = sourcecode.swift; path = RouteListViewController.swift; sourceTree = "<group>"; };
		B5EFD4952562B95A00B0C5E7 /* Base */ = {isa = PBXFileReference; lastKnownFileType = file.storyboard; name = Base; path = Base.lproj/Main.storyboard; sourceTree = "<group>"; };
		B5EFD4982562B95A00B0C5E7 /* SpaceQuest.xcdatamodel */ = {isa = PBXFileReference; lastKnownFileType = wrapper.xcdatamodel; path = SpaceQuest.xcdatamodel; sourceTree = "<group>"; };
		B5EFD49A2562B97900B0C5E7 /* Assets.xcassets */ = {isa = PBXFileReference; lastKnownFileType = folder.assetcatalog; path = Assets.xcassets; sourceTree = "<group>"; };
		B5EFD49D2562B97900B0C5E7 /* Base */ = {isa = PBXFileReference; lastKnownFileType = file.storyboard; name = Base; path = Base.lproj/LaunchScreen.storyboard; sourceTree = "<group>"; };
		B5EFD49F2562B97900B0C5E7 /* Info.plist */ = {isa = PBXFileReference; lastKnownFileType = text.plist.xml; path = Info.plist; sourceTree = "<group>"; };
		B5F95351258884B100E4344E /* AnswerCollectionViewCell.swift */ = {isa = PBXFileReference; lastKnownFileType = sourcecode.swift; path = AnswerCollectionViewCell.swift; sourceTree = "<group>"; };
		B5F953542588853100E4344E /* AnswerStubCollectionViewCell.swift */ = {isa = PBXFileReference; lastKnownFileType = sourcecode.swift; path = AnswerStubCollectionViewCell.swift; sourceTree = "<group>"; };
		B5F95357258887E600E4344E /* StringExtension.swift */ = {isa = PBXFileReference; lastKnownFileType = sourcecode.swift; path = StringExtension.swift; sourceTree = "<group>"; };
/* End PBXFileReference section */

/* Begin PBXFrameworksBuildPhase section */
		B5EFD4882562B95A00B0C5E7 /* Frameworks */ = {
			isa = PBXFrameworksBuildPhase;
			buildActionMask = 2147483647;
			files = (
				2986A9CA1D3746A5C61D859F /* Pods_SpaceQuest.framework in Frameworks */,
			);
			runOnlyForDeploymentPostprocessing = 0;
		};
/* End PBXFrameworksBuildPhase section */

/* Begin PBXGroup section */
		6C81B1D5711B8FAEBEFA39A6 /* Pods */ = {
			isa = PBXGroup;
			children = (
				1287940696F57534413CA409 /* Pods-SpaceQuest.debug.xcconfig */,
				4FADCF94CCA1726A9DD5D3DF /* Pods-SpaceQuest.release.xcconfig */,
			);
			path = Pods;
			sourceTree = "<group>";
		};
		90FC8CE7D344FF833692B7C0 /* Frameworks */ = {
			isa = PBXGroup;
			children = (
				606595FA560EA01E18AD5594 /* Pods_SpaceQuest.framework */,
			);
			name = Frameworks;
			sourceTree = "<group>";
		};
		B5373E5F25BCA04A00F91820 /* QuestionController */ = {
			isa = PBXGroup;
			children = (
				B5153986257D292400907AD5 /* WebVideoView.swift */,
				B5A91A7A25A7254E000C0C99 /* QuestionControlsView.swift */,
				B57B3CD22593BCC000270D8E /* AnswerFieldView.swift */,
				B57B3CD52593BCCC00270D8E /* AnswerButtonsView.swift */,
			);
			path = QuestionController;
			sourceTree = "<group>";
		};
		B5373E6225BCA06B00F91820 /* MapController */ = {
			isa = PBXGroup;
			children = (
				B5373E6C25D1BC8200F91820 /* MapCalloutView.xib */,
				B575827225F69773007A9C8D /* MapView.swift */,
				B5373E6F25D1C4CB00F91820 /* MapCalloutView.swift */,
				B5373E6325BCA0A400F91820 /* MapPlacemarkView.swift */,
			);
			path = MapController;
			sourceTree = "<group>";
		};
		B5AD43B02568467D00110AE8 /* Extensions */ = {
			isa = PBXGroup;
			children = (
				B5704A0825FE426D006C57A2 /* YMKPointExtension.swift */,
				B575826C25F4907A007A9C8D /* UIAlertControllerExtension.swift */,
				B5AD43B12568469400110AE8 /* UIImageViewExtension.swift */,
				B5BF7AA4257BCF7D009AA0A3 /* UIColorExtension.swift */,
				B5153983257D279500907AD5 /* UILabelExtension.swift */,
				B5BF7AAA257BD2A5009AA0A3 /* CALayerExtension.swift */,
				B5F95357258887E600E4344E /* StringExtension.swift */,
				B5373E7225D1C64100F91820 /* UIViewExtension.swift */,
				B53B8AFB25DC08DC00D284A9 /* UITextFieldExtension.swift */,
				B53B8B0025DEB14300D284A9 /* UIDeviceExtension.swift */,
			);
			path = Extensions;
			sourceTree = "<group>";
		};
		B5BDDC4425682CCD0043737B /* Cells */ = {
			isa = PBXGroup;
			children = (
				B51F50FC2563030100A9AA53 /* ReusableView.swift */,
				B51F50F9256302D300A9AA53 /* RouteTableViewCell.swift */,
				B51F51002563040D00A9AA53 /* DifficultyView.swift */,
				B5BDDC39256828A60043737B /* QuestionCollectionViewCell.swift */,
				B514B013257BF08600F587B6 /* AnswerButtonCollectionViewCell.swift */,
				B5F95351258884B100E4344E /* AnswerCollectionViewCell.swift */,
				B5F953542588853100E4344E /* AnswerStubCollectionViewCell.swift */,
				B510A18B25D90CFC00D905D5 /* OurHeroesTableViewCell.swift */,
			);
			path = Cells;
			sourceTree = "<group>";
		};
		B5BDDC4525682CE90043737B /* SupplementaryViews */ = {
			isa = PBXGroup;
			children = (
				B5BDDC4025682A0F0043737B /* TopGradientView.swift */,
				B51C2D9A2598E83D00107378 /* CustomIntensityVisualEffectView.swift */,
			);
			path = SupplementaryViews;
			sourceTree = "<group>";
		};
		B5EFD4822562B95900B0C5E7 = {
			isa = PBXGroup;
			children = (
				B5EFD48D2562B95A00B0C5E7 /* SpaceQuest */,
				B5EFD48C2562B95A00B0C5E7 /* Products */,
				6C81B1D5711B8FAEBEFA39A6 /* Pods */,
				90FC8CE7D344FF833692B7C0 /* Frameworks */,
			);
			sourceTree = "<group>";
		};
		B5EFD48C2562B95A00B0C5E7 /* Products */ = {
			isa = PBXGroup;
			children = (
				B5EFD48B2562B95A00B0C5E7 /* SpaceQuest.app */,
			);
			name = Products;
			sourceTree = "<group>";
		};
		B5EFD48D2562B95A00B0C5E7 /* SpaceQuest */ = {
			isa = PBXGroup;
			children = (
				B5EFD48E2562B95A00B0C5E7 /* AppDelegate.swift */,
				B5EFD4A62562BDA300B0C5E7 /* Models */,
				B5EFD4A72562BDA800B0C5E7 /* Views */,
				B5EFD4A82562BDB500B0C5E7 /* View Controllers */,
				B5AD43B02568467D00110AE8 /* Extensions */,
				B5EFD49A2562B97900B0C5E7 /* Assets.xcassets */,
				B5EFD49F2562B97900B0C5E7 /* Info.plist */,
				B5EFD4972562B95A00B0C5E7 /* SpaceQuest.xcdatamodeld */,
			);
			path = SpaceQuest;
			sourceTree = "<group>";
		};
		B5EFD4A62562BDA300B0C5E7 /* Models */ = {
			isa = PBXGroup;
			children = (
				B5ADEDB3258E0B3E007703C3 /* Author.swift */,
				B51F5103256305A700A9AA53 /* Question.swift */,
				B5373E7525D1C73300F91820 /* Location.swift */,
				B51F5106256305B800A9AA53 /* Route.swift */,
				B575827625F6BA2B007A9C8D /* PlacemarkData.swift */,
				B57B3CDE259515CA00270D8E /* UserAnswer.swift */,
				B51F51092567C09800A9AA53 /* DataModel.swift */,
			);
			path = Models;
			sourceTree = "<group>";
		};
		B5EFD4A72562BDA800B0C5E7 /* Views */ = {
			isa = PBXGroup;
			children = (
				B5EFD49C2562B97900B0C5E7 /* LaunchScreen.storyboard */,
				B5EFD4942562B95A00B0C5E7 /* Main.storyboard */,
				B5BDDC4525682CE90043737B /* SupplementaryViews */,
				B5BDDC4425682CCD0043737B /* Cells */,
				B5373E6225BCA06B00F91820 /* MapController */,
				B5373E5F25BCA04A00F91820 /* QuestionController */,
			);
			path = Views;
			sourceTree = "<group>";
		};
		B5EFD4A82562BDB500B0C5E7 /* View Controllers */ = {
			isa = PBXGroup;
			children = (
				B54F863C25FFF97700AA156D /* LaunchViewController.swift */,
				B53B8AF725DC00B800D284A9 /* LoginController.swift */,
				B5EFD4922562B95A00B0C5E7 /* RouteListViewController.swift */,
				B5BDDC3D256829DB0043737B /* QuestionListViewController.swift */,
				B5E96EC525ACB7D300DA030F /* MapController.swift */,
				B549E2082573D30E00260121 /* QuestionViewController.swift */,
				B510A18425D45A2000D905D5 /* LocationInfoController.swift */,
				B5A91A8725AC4A88000C0C99 /* LocationFinishedController.swift */,
				B51C2D9D2599053900107378 /* LocationCompleteController.swift */,
				B5A91A8325AC45D7000C0C99 /* LocationFailedController.swift */,
				B5A91A7725A71382000C0C99 /* VideoAnswerController.swift */,
				B5A91A7425A39198000C0C99 /* RouteCompleteController.swift */,
				B510A18825D5CA7800D905D5 /* ProfileController.swift */,
				B53B8AED25D975A000D284A9 /* AboutAppController.swift */,
				B510A18E25D90D7500D905D5 /* OurHeroesController.swift */,
			);
			path = "View Controllers";
			sourceTree = "<group>";
		};
/* End PBXGroup section */

/* Begin PBXNativeTarget section */
		B5EFD48A2562B95A00B0C5E7 /* SpaceQuest */ = {
			isa = PBXNativeTarget;
			buildConfigurationList = B5EFD4A22562B97900B0C5E7 /* Build configuration list for PBXNativeTarget "SpaceQuest" */;
			buildPhases = (
				E8774B49B6DA1B26A2AD0470 /* [CP] Check Pods Manifest.lock */,
				B5EFD4872562B95A00B0C5E7 /* Sources */,
				B5EFD4882562B95A00B0C5E7 /* Frameworks */,
				B5EFD4892562B95A00B0C5E7 /* Resources */,
				492602B5AAC3B68CC15ECC4A /* [CP] Copy Pods Resources */,
			);
			buildRules = (
			);
			dependencies = (
			);
			name = SpaceQuest;
			packageProductDependencies = (
			);
			productName = SpaceQuest;
			productReference = B5EFD48B2562B95A00B0C5E7 /* SpaceQuest.app */;
			productType = "com.apple.product-type.application";
		};
/* End PBXNativeTarget section */

/* Begin PBXProject section */
		B5EFD4832562B95900B0C5E7 /* Project object */ = {
			isa = PBXProject;
			attributes = {
				LastSwiftUpdateCheck = 1200;
				LastUpgradeCheck = 1200;
				TargetAttributes = {
					B5EFD48A2562B95A00B0C5E7 = {
						CreatedOnToolsVersion = 12.0.1;
					};
				};
			};
			buildConfigurationList = B5EFD4862562B95A00B0C5E7 /* Build configuration list for PBXProject "SpaceQuest" */;
			compatibilityVersion = "Xcode 9.3";
			developmentRegion = en;
			hasScannedForEncodings = 0;
			knownRegions = (
				en,
				Base,
			);
			mainGroup = B5EFD4822562B95900B0C5E7;
			packageReferences = (
			);
			productRefGroup = B5EFD48C2562B95A00B0C5E7 /* Products */;
			projectDirPath = "";
			projectRoot = "";
			targets = (
				B5EFD48A2562B95A00B0C5E7 /* SpaceQuest */,
			);
		};
/* End PBXProject section */

/* Begin PBXResourcesBuildPhase section */
		B5EFD4892562B95A00B0C5E7 /* Resources */ = {
			isa = PBXResourcesBuildPhase;
			buildActionMask = 2147483647;
			files = (
				B5EFD49E2562B97900B0C5E7 /* LaunchScreen.storyboard in Resources */,
				B5373E6D25D1BC8300F91820 /* MapCalloutView.xib in Resources */,
				B5EFD49B2562B97900B0C5E7 /* Assets.xcassets in Resources */,
				B5EFD4962562B95A00B0C5E7 /* Main.storyboard in Resources */,
			);
			runOnlyForDeploymentPostprocessing = 0;
		};
/* End PBXResourcesBuildPhase section */

/* Begin PBXShellScriptBuildPhase section */
		492602B5AAC3B68CC15ECC4A /* [CP] Copy Pods Resources */ = {
			isa = PBXShellScriptBuildPhase;
			buildActionMask = 2147483647;
			files = (
			);
			inputFileListPaths = (
				"${PODS_ROOT}/Target Support Files/Pods-SpaceQuest/Pods-SpaceQuest-resources-${CONFIGURATION}-input-files.xcfilelist",
			);
			name = "[CP] Copy Pods Resources";
			outputFileListPaths = (
				"${PODS_ROOT}/Target Support Files/Pods-SpaceQuest/Pods-SpaceQuest-resources-${CONFIGURATION}-output-files.xcfilelist",
			);
			runOnlyForDeploymentPostprocessing = 0;
			shellPath = /bin/sh;
			shellScript = "\"${PODS_ROOT}/Target Support Files/Pods-SpaceQuest/Pods-SpaceQuest-resources.sh\"\n";
			showEnvVarsInLog = 0;
		};
		E8774B49B6DA1B26A2AD0470 /* [CP] Check Pods Manifest.lock */ = {
			isa = PBXShellScriptBuildPhase;
			buildActionMask = 2147483647;
			files = (
			);
			inputFileListPaths = (
			);
			inputPaths = (
				"${PODS_PODFILE_DIR_PATH}/Podfile.lock",
				"${PODS_ROOT}/Manifest.lock",
			);
			name = "[CP] Check Pods Manifest.lock";
			outputFileListPaths = (
			);
			outputPaths = (
				"$(DERIVED_FILE_DIR)/Pods-SpaceQuest-checkManifestLockResult.txt",
			);
			runOnlyForDeploymentPostprocessing = 0;
			shellPath = /bin/sh;
			shellScript = "diff \"${PODS_PODFILE_DIR_PATH}/Podfile.lock\" \"${PODS_ROOT}/Manifest.lock\" > /dev/null\nif [ $? != 0 ] ; then\n    # print error to STDERR\n    echo \"error: The sandbox is not in sync with the Podfile.lock. Run 'pod install' or update your CocoaPods installation.\" >&2\n    exit 1\nfi\n# This output is used by Xcode 'outputs' to avoid re-running this script phase.\necho \"SUCCESS\" > \"${SCRIPT_OUTPUT_FILE_0}\"\n";
			showEnvVarsInLog = 0;
		};
/* End PBXShellScriptBuildPhase section */

/* Begin PBXSourcesBuildPhase section */
		B5EFD4872562B95A00B0C5E7 /* Sources */ = {
			isa = PBXSourcesBuildPhase;
			buildActionMask = 2147483647;
			files = (
				B514B014257BF08600F587B6 /* AnswerButtonCollectionViewCell.swift in Sources */,
				B54F863D25FFF97700AA156D /* LaunchViewController.swift in Sources */,
				B575827325F69773007A9C8D /* MapView.swift in Sources */,
				B5BDDC4125682A0F0043737B /* TopGradientView.swift in Sources */,
				B57B3CD62593BCCC00270D8E /* AnswerButtonsView.swift in Sources */,
				B57B3CDF259515CA00270D8E /* UserAnswer.swift in Sources */,
				B57B3CD32593BCC000270D8E /* AnswerFieldView.swift in Sources */,
				B5A91A8425AC45D8000C0C99 /* LocationFailedController.swift in Sources */,
				B575826D25F4907A007A9C8D /* UIAlertControllerExtension.swift in Sources */,
				B5A91A7825A71382000C0C99 /* VideoAnswerController.swift in Sources */,
				B5BDDC3E256829DB0043737B /* QuestionListViewController.swift in Sources */,
				B51C2D9B2598E83D00107378 /* CustomIntensityVisualEffectView.swift in Sources */,
				B5153984257D279600907AD5 /* UILabelExtension.swift in Sources */,
				B53B8AFC25DC08DC00D284A9 /* UITextFieldExtension.swift in Sources */,
				B53B8B0125DEB14300D284A9 /* UIDeviceExtension.swift in Sources */,
				B5BF7AA5257BCF7D009AA0A3 /* UIColorExtension.swift in Sources */,
				B5153987257D292400907AD5 /* WebVideoView.swift in Sources */,
				B549E2092573D30E00260121 /* QuestionViewController.swift in Sources */,
				B5A91A8825AC4A88000C0C99 /* LocationFinishedController.swift in Sources */,
				B5373E7625D1C73300F91820 /* Location.swift in Sources */,
				B510A18925D5CA7800D905D5 /* ProfileController.swift in Sources */,
				B5E96EC625ACB7D300DA030F /* MapController.swift in Sources */,
				B5A91A7525A39198000C0C99 /* RouteCompleteController.swift in Sources */,
				B51C2D9E2599053900107378 /* LocationCompleteController.swift in Sources */,
				B5BDDC3A256828A60043737B /* QuestionCollectionViewCell.swift in Sources */,
				B510A18525D45A2000D905D5 /* LocationInfoController.swift in Sources */,
				B575827725F6BA2B007A9C8D /* PlacemarkData.swift in Sources */,
				B5EFD4932562B95A00B0C5E7 /* RouteListViewController.swift in Sources */,
				B5F953552588853200E4344E /* AnswerStubCollectionViewCell.swift in Sources */,
				B51F50FD2563030100A9AA53 /* ReusableView.swift in Sources */,
				B51F50FA256302D300A9AA53 /* RouteTableViewCell.swift in Sources */,
				B51F51012563040D00A9AA53 /* DifficultyView.swift in Sources */,
				B5EFD4992562B95A00B0C5E7 /* SpaceQuest.xcdatamodeld in Sources */,
				B5AD43B22568469400110AE8 /* UIImageViewExtension.swift in Sources */,
				B5373E7025D1C4CB00F91820 /* MapCalloutView.swift in Sources */,
				B51F5107256305B800A9AA53 /* Route.swift in Sources */,
				B5F95352258884B100E4344E /* AnswerCollectionViewCell.swift in Sources */,
				B53B8AEE25D975A100D284A9 /* AboutAppController.swift in Sources */,
				B5ADEDB4258E0B3E007703C3 /* Author.swift in Sources */,
				B53B8AF825DC00B800D284A9 /* LoginController.swift in Sources */,
				B5704A0925FE426D006C57A2 /* YMKPointExtension.swift in Sources */,
				B51F510A2567C09900A9AA53 /* DataModel.swift in Sources */,
				B51F5104256305A700A9AA53 /* Question.swift in Sources */,
				B5EFD48F2562B95A00B0C5E7 /* AppDelegate.swift in Sources */,
				B5A91A7B25A7254E000C0C99 /* QuestionControlsView.swift in Sources */,
				B510A18F25D90D7500D905D5 /* OurHeroesController.swift in Sources */,
				B5F95358258887E700E4344E /* StringExtension.swift in Sources */,
				B5BF7AAB257BD2A5009AA0A3 /* CALayerExtension.swift in Sources */,
				B5373E6425BCA0A400F91820 /* MapPlacemarkView.swift in Sources */,
				B5373E7325D1C64100F91820 /* UIViewExtension.swift in Sources */,
				B510A18C25D90CFD00D905D5 /* OurHeroesTableViewCell.swift in Sources */,
			);
			runOnlyForDeploymentPostprocessing = 0;
		};
/* End PBXSourcesBuildPhase section */

/* Begin PBXVariantGroup section */
		B5EFD4942562B95A00B0C5E7 /* Main.storyboard */ = {
			isa = PBXVariantGroup;
			children = (
				B5EFD4952562B95A00B0C5E7 /* Base */,
			);
			name = Main.storyboard;
			sourceTree = "<group>";
		};
		B5EFD49C2562B97900B0C5E7 /* LaunchScreen.storyboard */ = {
			isa = PBXVariantGroup;
			children = (
				B5EFD49D2562B97900B0C5E7 /* Base */,
			);
			name = LaunchScreen.storyboard;
			sourceTree = "<group>";
		};
/* End PBXVariantGroup section */

/* Begin XCBuildConfiguration section */
		B5EFD4A02562B97900B0C5E7 /* Debug */ = {
			isa = XCBuildConfiguration;
			buildSettings = {
				ALWAYS_SEARCH_USER_PATHS = NO;
				CLANG_ANALYZER_NONNULL = YES;
				CLANG_ANALYZER_NUMBER_OBJECT_CONVERSION = YES_AGGRESSIVE;
				CLANG_CXX_LANGUAGE_STANDARD = "gnu++14";
				CLANG_CXX_LIBRARY = "libc++";
				CLANG_ENABLE_MODULES = YES;
				CLANG_ENABLE_OBJC_ARC = YES;
				CLANG_ENABLE_OBJC_WEAK = YES;
				CLANG_WARN_BLOCK_CAPTURE_AUTORELEASING = YES;
				CLANG_WARN_BOOL_CONVERSION = YES;
				CLANG_WARN_COMMA = YES;
				CLANG_WARN_CONSTANT_CONVERSION = YES;
				CLANG_WARN_DEPRECATED_OBJC_IMPLEMENTATIONS = YES;
				CLANG_WARN_DIRECT_OBJC_ISA_USAGE = YES_ERROR;
				CLANG_WARN_DOCUMENTATION_COMMENTS = YES;
				CLANG_WARN_EMPTY_BODY = YES;
				CLANG_WARN_ENUM_CONVERSION = YES;
				CLANG_WARN_INFINITE_RECURSION = YES;
				CLANG_WARN_INT_CONVERSION = YES;
				CLANG_WARN_NON_LITERAL_NULL_CONVERSION = YES;
				CLANG_WARN_OBJC_IMPLICIT_RETAIN_SELF = YES;
				CLANG_WARN_OBJC_LITERAL_CONVERSION = YES;
				CLANG_WARN_OBJC_ROOT_CLASS = YES_ERROR;
				CLANG_WARN_QUOTED_INCLUDE_IN_FRAMEWORK_HEADER = YES;
				CLANG_WARN_RANGE_LOOP_ANALYSIS = YES;
				CLANG_WARN_STRICT_PROTOTYPES = YES;
				CLANG_WARN_SUSPICIOUS_MOVE = YES;
				CLANG_WARN_UNGUARDED_AVAILABILITY = YES_AGGRESSIVE;
				CLANG_WARN_UNREACHABLE_CODE = YES;
				CLANG_WARN__DUPLICATE_METHOD_MATCH = YES;
				COPY_PHASE_STRIP = NO;
				DEBUG_INFORMATION_FORMAT = dwarf;
				ENABLE_STRICT_OBJC_MSGSEND = YES;
				ENABLE_TESTABILITY = YES;
				GCC_C_LANGUAGE_STANDARD = gnu11;
				GCC_DYNAMIC_NO_PIC = NO;
				GCC_NO_COMMON_BLOCKS = YES;
				GCC_OPTIMIZATION_LEVEL = 0;
				GCC_PREPROCESSOR_DEFINITIONS = (
					"DEBUG=1",
					"$(inherited)",
				);
				GCC_WARN_64_TO_32_BIT_CONVERSION = YES;
				GCC_WARN_ABOUT_RETURN_TYPE = YES_ERROR;
				GCC_WARN_UNDECLARED_SELECTOR = YES;
				GCC_WARN_UNINITIALIZED_AUTOS = YES_AGGRESSIVE;
				GCC_WARN_UNUSED_FUNCTION = YES;
				GCC_WARN_UNUSED_VARIABLE = YES;
				IPHONEOS_DEPLOYMENT_TARGET = 13.0;
				MTL_ENABLE_DEBUG_INFO = INCLUDE_SOURCE;
				MTL_FAST_MATH = YES;
				ONLY_ACTIVE_ARCH = YES;
				SDKROOT = iphoneos;
				SWIFT_ACTIVE_COMPILATION_CONDITIONS = DEBUG;
				SWIFT_OPTIMIZATION_LEVEL = "-Onone";
			};
			name = Debug;
		};
		B5EFD4A12562B97900B0C5E7 /* Release */ = {
			isa = XCBuildConfiguration;
			buildSettings = {
				ALWAYS_SEARCH_USER_PATHS = NO;
				CLANG_ANALYZER_NONNULL = YES;
				CLANG_ANALYZER_NUMBER_OBJECT_CONVERSION = YES_AGGRESSIVE;
				CLANG_CXX_LANGUAGE_STANDARD = "gnu++14";
				CLANG_CXX_LIBRARY = "libc++";
				CLANG_ENABLE_MODULES = YES;
				CLANG_ENABLE_OBJC_ARC = YES;
				CLANG_ENABLE_OBJC_WEAK = YES;
				CLANG_WARN_BLOCK_CAPTURE_AUTORELEASING = YES;
				CLANG_WARN_BOOL_CONVERSION = YES;
				CLANG_WARN_COMMA = YES;
				CLANG_WARN_CONSTANT_CONVERSION = YES;
				CLANG_WARN_DEPRECATED_OBJC_IMPLEMENTATIONS = YES;
				CLANG_WARN_DIRECT_OBJC_ISA_USAGE = YES_ERROR;
				CLANG_WARN_DOCUMENTATION_COMMENTS = YES;
				CLANG_WARN_EMPTY_BODY = YES;
				CLANG_WARN_ENUM_CONVERSION = YES;
				CLANG_WARN_INFINITE_RECURSION = YES;
				CLANG_WARN_INT_CONVERSION = YES;
				CLANG_WARN_NON_LITERAL_NULL_CONVERSION = YES;
				CLANG_WARN_OBJC_IMPLICIT_RETAIN_SELF = YES;
				CLANG_WARN_OBJC_LITERAL_CONVERSION = YES;
				CLANG_WARN_OBJC_ROOT_CLASS = YES_ERROR;
				CLANG_WARN_QUOTED_INCLUDE_IN_FRAMEWORK_HEADER = YES;
				CLANG_WARN_RANGE_LOOP_ANALYSIS = YES;
				CLANG_WARN_STRICT_PROTOTYPES = YES;
				CLANG_WARN_SUSPICIOUS_MOVE = YES;
				CLANG_WARN_UNGUARDED_AVAILABILITY = YES_AGGRESSIVE;
				CLANG_WARN_UNREACHABLE_CODE = YES;
				CLANG_WARN__DUPLICATE_METHOD_MATCH = YES;
				COPY_PHASE_STRIP = NO;
				DEBUG_INFORMATION_FORMAT = "dwarf-with-dsym";
				ENABLE_NS_ASSERTIONS = NO;
				ENABLE_STRICT_OBJC_MSGSEND = YES;
				GCC_C_LANGUAGE_STANDARD = gnu11;
				GCC_NO_COMMON_BLOCKS = YES;
				GCC_WARN_64_TO_32_BIT_CONVERSION = YES;
				GCC_WARN_ABOUT_RETURN_TYPE = YES_ERROR;
				GCC_WARN_UNDECLARED_SELECTOR = YES;
				GCC_WARN_UNINITIALIZED_AUTOS = YES_AGGRESSIVE;
				GCC_WARN_UNUSED_FUNCTION = YES;
				GCC_WARN_UNUSED_VARIABLE = YES;
				IPHONEOS_DEPLOYMENT_TARGET = 13.0;
				MTL_ENABLE_DEBUG_INFO = NO;
				MTL_FAST_MATH = YES;
				SDKROOT = iphoneos;
				SWIFT_COMPILATION_MODE = wholemodule;
				SWIFT_OPTIMIZATION_LEVEL = "-O";
				VALIDATE_PRODUCT = YES;
			};
			name = Release;
		};
		B5EFD4A32562B97900B0C5E7 /* Debug */ = {
			isa = XCBuildConfiguration;
			baseConfigurationReference = 1287940696F57534413CA409 /* Pods-SpaceQuest.debug.xcconfig */;
			buildSettings = {
				ASSETCATALOG_COMPILER_APPICON_NAME = AppIcon;
				ASSETCATALOG_COMPILER_GLOBAL_ACCENT_COLOR_NAME = AccentColor;
				CODE_SIGN_STYLE = Automatic;
				DEVELOPMENT_TEAM = 8TA67UG9J4;
				INFOPLIST_FILE = SpaceQuest/Info.plist;
				IPHONEOS_DEPLOYMENT_TARGET = 13.0;
				LD_RUNPATH_SEARCH_PATHS = (
					"$(inherited)",
					"@executable_path/Frameworks",
				);
				MARKETING_VERSION = 0.5.3;
				PRODUCT_BUNDLE_IDENTIFIER = MaximGolov.SpaceQuest;
				PRODUCT_NAME = "$(TARGET_NAME)";
				SWIFT_VERSION = 5.0;
				TARGETED_DEVICE_FAMILY = 1;
			};
			name = Debug;
		};
		B5EFD4A42562B97900B0C5E7 /* Release */ = {
			isa = XCBuildConfiguration;
			baseConfigurationReference = 4FADCF94CCA1726A9DD5D3DF /* Pods-SpaceQuest.release.xcconfig */;
			buildSettings = {
				ASSETCATALOG_COMPILER_APPICON_NAME = AppIcon;
				ASSETCATALOG_COMPILER_GLOBAL_ACCENT_COLOR_NAME = AccentColor;
				CODE_SIGN_STYLE = Automatic;
				DEVELOPMENT_TEAM = 8TA67UG9J4;
				INFOPLIST_FILE = SpaceQuest/Info.plist;
				IPHONEOS_DEPLOYMENT_TARGET = 13.0;
				LD_RUNPATH_SEARCH_PATHS = (
					"$(inherited)",
					"@executable_path/Frameworks",
				);
				MARKETING_VERSION = 0.5.3;
				PRODUCT_BUNDLE_IDENTIFIER = MaximGolov.SpaceQuest;
				PRODUCT_NAME = "$(TARGET_NAME)";
				SWIFT_VERSION = 5.0;
				TARGETED_DEVICE_FAMILY = 1;
			};
			name = Release;
		};
/* End XCBuildConfiguration section */

/* Begin XCConfigurationList section */
		B5EFD4862562B95A00B0C5E7 /* Build configuration list for PBXProject "SpaceQuest" */ = {
			isa = XCConfigurationList;
			buildConfigurations = (
				B5EFD4A02562B97900B0C5E7 /* Debug */,
				B5EFD4A12562B97900B0C5E7 /* Release */,
			);
			defaultConfigurationIsVisible = 0;
			defaultConfigurationName = Release;
		};
		B5EFD4A22562B97900B0C5E7 /* Build configuration list for PBXNativeTarget "SpaceQuest" */ = {
			isa = XCConfigurationList;
			buildConfigurations = (
				B5EFD4A32562B97900B0C5E7 /* Debug */,
				B5EFD4A42562B97900B0C5E7 /* Release */,
			);
			defaultConfigurationIsVisible = 0;
			defaultConfigurationName = Release;
		};
/* End XCConfigurationList section */

/* Begin XCVersionGroup section */
		B5EFD4972562B95A00B0C5E7 /* SpaceQuest.xcdatamodeld */ = {
			isa = XCVersionGroup;
			children = (
				B5EFD4982562B95A00B0C5E7 /* SpaceQuest.xcdatamodel */,
			);
			currentVersion = B5EFD4982562B95A00B0C5E7 /* SpaceQuest.xcdatamodel */;
			path = SpaceQuest.xcdatamodeld;
			sourceTree = "<group>";
			versionGroupType = wrapper.xcdatamodel;
		};
/* End XCVersionGroup section */
	};
	rootObject = B5EFD4832562B95900B0C5E7 /* Project object */;
}
